
Microsoft Visual Studio Solution File, Format Version 12.00
# Visual Studio Version 16
VisualStudioVersion = 25.0.1703.3
MinimumVisualStudioVersion = 10.0.40219.1
Project("{FAE04EC0-301F-11D3-BF4B-00C04F79EFBC}") = "dotnetalpha", "dotnetalpha\dotnetalpha.csproj", "{89F773AD-A94D-4826-BDAE-805903E21A95}"
EndProject
Global
	GlobalSection(SolutionConfigurationPlatforms) = preSolution
		Debug|Any CPU = Debug|Any CPU
		Release|Any CPU = Release|Any CPU
	EndGlobalSection
	GlobalSection(ProjectConfigurationPlatforms) = postSolution
		{89F773AD-A94D-4826-BDAE-805903E21A95}.Debug|Any CPU.ActiveCfg = Debug|Any CPU
		{89F773AD-A94D-4826-BDAE-805903E21A95}.Debug|Any CPU.Build.0 = Debug|Any CPU
		{89F773AD-A94D-4826-BDAE-805903E21A95}.Release|Any CPU.ActiveCfg = Release|Any CPU
		{89F773AD-A94D-4826-BDAE-805903E21A95}.Release|Any CPU.Build.0 = Release|Any CPU
	EndGlobalSection
	GlobalSection(SolutionProperties) = preSolution
		HideSolutionNode = FALSE
	EndGlobalSection
	GlobalSection(ExtensibilityGlobals) = postSolution
		SolutionGuid = {E7C3C33C-C3E4-468E-8C66-40FF3910F201}
	EndGlobalSection
EndGlobal
